--- 
dependencies: 
  ruby-debug: 
    group: 
    - :development
    version: ">= 0"
  acts_as_list: 
    group: 
    - :default
    version: ">= 0"
  rails: 
    group: 
    - :default
    version: = 3.0.0.beta3
  sqlite3-ruby: 
    group: 
    - :default
    version: ">= 0"
    require: 
    - sqlite3
  pseudocephalopod: 
    group: 
    - :default
    version: ">= 0"
  cloudfiles: 
    group: 
    - :default
    version: ">= 0"
  unicorn: 
    group: 
    - :default
    version: ">= 0"
  devise: 
    group: 
    - :default
    version: = 1.1.rc1
  carrierwave: 
    group: 
    - :default
    version: ">= 0"
  rmagick: 
    group: 
    - :default
    version: ">= 0"
  capistrano: 
    group: 
    - :default
    version: ">= 0"
specs: 
- rake: 
    version: 0.8.7
- abstract: 
    version: 1.0.0
- builder: 
    version: 2.1.2
- i18n: 
    version: 0.3.7
- memcache-client: 
    version: 1.8.3
- tzinfo: 
    version: 0.3.22
- activesupport: 
    version: 3.0.0.beta3
- activemodel: 
    version: 3.0.0.beta3
- erubis: 
    version: 2.6.5
- rack: 
    version: 1.1.0
- rack-mount: 
    version: 0.6.3
- rack-test: 
    version: 0.5.4
- actionpack: 
    version: 3.0.0.beta3
- mime-types: 
    version: "1.16"
- polyglot: 
    version: 0.3.1
- treetop: 
    version: 1.4.8
- mail: 
    version: 2.2.1
- text-hyphen: 
    version: 1.0.0
- text-format: 
    version: 1.0.0
- actionmailer: 
    version: 3.0.0.beta3
- arel: 
    version: 0.3.3
- activerecord: 
    version: 3.0.0.beta3
- activeresource: 
    version: 3.0.0.beta3
- acts_as_list: 
    version: 0.1.2
- bundler: 
    version: 0.9.25
- highline: 
    version: 1.5.2
- net-ssh: 
    version: 2.0.22
- net-scp: 
    version: 1.0.2
- net-sftp: 
    version: 2.0.4
- net-ssh-gateway: 
    version: 1.0.1
- capistrano: 
    version: 2.5.18
- carrierwave: 
    version: 0.4.4
    source: 0
- cloudfiles: 
    version: 1.4.7
- columnize: 
    version: 0.3.1
- warden: 
    version: 0.10.7
- devise: 
    version: 1.1.rc1
- linecache: 
    version: "0.43"
- macaddr: 
    version: 1.0.0
- uuid: 
    version: 2.3.1
- pseudocephalopod: 
    version: 0.2.2
- thor: 
    version: 0.13.6
- railties: 
    version: 3.0.0.beta3
- rails: 
    version: 3.0.0.beta3
- rmagick: 
    version: 2.13.1
- ruby-debug-base: 
    version: 0.10.3
- ruby-debug: 
    version: 0.10.3
- sqlite3-ruby: 
    version: 1.2.5
- unicorn: 
    version: 0.99.0
hash: bac3e0bbef80e6f7aa12da36f2ecd8fb3bf7771c
sources: 
- Git: 
    uri: http://github.com/jnicklas/carrierwave.git
    branch: master
    git: http://github.com/jnicklas/carrierwave.git
    ref: 9349c1d8e520f165420d8eeed1fa5df5c036f724
- Rubygems: 
    uri: http://rubygems.org
